
Microsoft Visual Studio Solution File, Format Version 12.00
# Visual Studio 15
VisualStudioVersion = 15.0.27428.2037
MinimumVisualStudioVersion = 10.0.40219.1
Project("{FAE04EC0-301F-11D3-BF4B-00C04F79EFBC}") = "Image2Data", "Image2Data\Image2Data.csproj", "{4FA5DA1D-709B-4984-A0B8-5478B979C976}"
EndProject
Global
	GlobalSection(SolutionConfigurationPlatforms) = preSolution
		Debug|Any CPU = Debug|Any CPU
		Release|Any CPU = Release|Any CPU
	EndGlobalSection
	GlobalSection(ProjectConfigurationPlatforms) = postSolution
		{4FA5DA1D-709B-4984-A0B8-5478B979C976}.Debug|Any CPU.ActiveCfg = Debug|Any CPU
		{4FA5DA1D-709B-4984-A0B8-5478B979C976}.Debug|Any CPU.Build.0 = Debug|Any CPU
		{4FA5DA1D-709B-4984-A0B8-5478B979C976}.Release|Any CPU.ActiveCfg = Release|Any CPU
		{4FA5DA1D-709B-4984-A0B8-5478B979C976}.Release|Any CPU.Build.0 = Release|Any CPU
	EndGlobalSection
	GlobalSection(SolutionProperties) = preSolution
		HideSolutionNode = FALSE
	EndGlobalSection
	GlobalSection(ExtensibilityGlobals) = postSolution
		SolutionGuid = {E1CA1C22-AA30-403D-8498-346A30ED4951}
	EndGlobalSection
EndGlobal
